// !$*UTF8*$!
{
	archiveVersion = 1;
	classes = {
	};
	objectVersion = 52;
	objects = {

/* Begin PBXBuildFile section */
		DA9713CC24686D2C0018C022 /* CreateEditFormulaViewController.swift in Sources */ = {isa = PBXBuildFile; fileRef = DA9713CB24686D2C0018C022 /* CreateEditFormulaViewController.swift */; };
		DAD823D6246218E7003F5C97 /* AppDelegate.swift in Sources */ = {isa = PBXBuildFile; fileRef = DAD823D5246218E7003F5C97 /* AppDelegate.swift */; };
		DAD823D8246218E7003F5C97 /* SceneDelegate.swift in Sources */ = {isa = PBXBuildFile; fileRef = DAD823D7246218E7003F5C97 /* SceneDelegate.swift */; };
		DAD823DB246218E7003F5C97 /* ReCalculator.xcdatamodeld in Sources */ = {isa = PBXBuildFile; fileRef = DAD823D9246218E7003F5C97 /* ReCalculator.xcdatamodeld */; };
		DAD823DD246218E7003F5C97 /* ContentView.swift in Sources */ = {isa = PBXBuildFile; fileRef = DAD823DC246218E7003F5C97 /* ContentView.swift */; };
		DAD823DF246218E9003F5C97 /* Assets.xcassets in Resources */ = {isa = PBXBuildFile; fileRef = DAD823DE246218E9003F5C97 /* Assets.xcassets */; };
		DAD823E2246218E9003F5C97 /* Preview Assets.xcassets in Resources */ = {isa = PBXBuildFile; fileRef = DAD823E1246218E9003F5C97 /* Preview Assets.xcassets */; };
		DAD823E5246218E9003F5C97 /* LaunchScreen.storyboard in Resources */ = {isa = PBXBuildFile; fileRef = DAD823E3246218E9003F5C97 /* LaunchScreen.storyboard */; };
		DAD823EE24621A39003F5C97 /* MathParser in Frameworks */ = {isa = PBXBuildFile; productRef = DAD823ED24621A39003F5C97 /* MathParser */; };
		DAD823F4246B8231003F5C97 /* CreateEditFormulaView.swift in Sources */ = {isa = PBXBuildFile; fileRef = DAD823F3246B8231003F5C97 /* CreateEditFormulaView.swift */; };
/* End PBXBuildFile section */

/* Begin PBXFileReference section */
		DA9713CB24686D2C0018C022 /* CreateEditFormulaViewController.swift */ = {isa = PBXFileReference; lastKnownFileType = sourcecode.swift; path = CreateEditFormulaViewController.swift; sourceTree = "<group>"; };
		DAD823D2246218E7003F5C97 /* ReCalculator.app */ = {isa = PBXFileReference; explicitFileType = wrapper.application; includeInIndex = 0; path = ReCalculator.app; sourceTree = BUILT_PRODUCTS_DIR; };
		DAD823D5246218E7003F5C97 /* AppDelegate.swift */ = {isa = PBXFileReference; lastKnownFileType = sourcecode.swift; path = AppDelegate.swift; sourceTree = "<group>"; };
		DAD823D7246218E7003F5C97 /* SceneDelegate.swift */ = {isa = PBXFileReference; lastKnownFileType = sourcecode.swift; path = SceneDelegate.swift; sourceTree = "<group>"; };
		DAD823DA246218E7003F5C97 /* ReCalculator.xcdatamodel */ = {isa = PBXFileReference; lastKnownFileType = wrapper.xcdatamodel; path = ReCalculator.xcdatamodel; sourceTree = "<group>"; };
		DAD823DC246218E7003F5C97 /* ContentView.swift */ = {isa = PBXFileReference; lastKnownFileType = sourcecode.swift; path = ContentView.swift; sourceTree = "<group>"; };
		DAD823DE246218E9003F5C97 /* Assets.xcassets */ = {isa = PBXFileReference; lastKnownFileType = folder.assetcatalog; path = Assets.xcassets; sourceTree = "<group>"; };
		DAD823E1246218E9003F5C97 /* Preview Assets.xcassets */ = {isa = PBXFileReference; lastKnownFileType = folder.assetcatalog; path = "Preview Assets.xcassets"; sourceTree = "<group>"; };
		DAD823E4246218E9003F5C97 /* Base */ = {isa = PBXFileReference; lastKnownFileType = file.storyboard; name = Base; path = Base.lproj/LaunchScreen.storyboard; sourceTree = "<group>"; };
		DAD823E6246218E9003F5C97 /* Info.plist */ = {isa = PBXFileReference; lastKnownFileType = text.plist.xml; path = Info.plist; sourceTree = "<group>"; };
		DAD823F3246B8231003F5C97 /* CreateEditFormulaView.swift */ = {isa = PBXFileReference; lastKnownFileType = sourcecode.swift; path = CreateEditFormulaView.swift; sourceTree = "<group>"; };
/* End PBXFileReference section */

/* Begin PBXFrameworksBuildPhase section */
		DAD823CF246218E7003F5C97 /* Frameworks */ = {
			isa = PBXFrameworksBuildPhase;
			buildActionMask = 2147483647;
			files = (
				DAD823EE24621A39003F5C97 /* MathParser in Frameworks */,
			);
			runOnlyForDeploymentPostprocessing = 0;
		};
/* End PBXFrameworksBuildPhase section */

/* Begin PBXGroup section */
		DAD823C9246218E7003F5C97 = {
			isa = PBXGroup;
			children = (
				DAD823D4246218E7003F5C97 /* ReCalculator */,
				DAD823D3246218E7003F5C97 /* Products */,
			);
			sourceTree = "<group>";
		};
		DAD823D3246218E7003F5C97 /* Products */ = {
			isa = PBXGroup;
			children = (
				DAD823D2246218E7003F5C97 /* ReCalculator.app */,
			);
			name = Products;
			sourceTree = "<group>";
		};
		DAD823D4246218E7003F5C97 /* ReCalculator */ = {
			isa = PBXGroup;
			children = (
				DAD823D5246218E7003F5C97 /* AppDelegate.swift */,
				DAD823D7246218E7003F5C97 /* SceneDelegate.swift */,
				DAD823DC246218E7003F5C97 /* ContentView.swift */,
				DA9713CB24686D2C0018C022 /* CreateEditFormulaViewController.swift */,
				DAD823F3246B8231003F5C97 /* CreateEditFormulaView.swift */,
				DAD823DE246218E9003F5C97 /* Assets.xcassets */,
				DAD823E3246218E9003F5C97 /* LaunchScreen.storyboard */,
				DAD823E6246218E9003F5C97 /* Info.plist */,
				DAD823D9246218E7003F5C97 /* ReCalculator.xcdatamodeld */,
				DAD823E0246218E9003F5C97 /* Preview Content */,
			);
			path = ReCalculator;
			sourceTree = "<group>";
		};
		DAD823E0246218E9003F5C97 /* Preview Content */ = {
			isa = PBXGroup;
			children = (
				DAD823E1246218E9003F5C97 /* Preview Assets.xcassets */,
			);
			path = "Preview Content";
			sourceTree = "<group>";
		};
/* End PBXGroup section */

/* Begin PBXNativeTarget section */
		DAD823D1246218E7003F5C97 /* ReCalculator */ = {
			isa = PBXNativeTarget;
			buildConfigurationList = DAD823E9246218E9003F5C97 /* Build configuration list for PBXNativeTarget "ReCalculator" */;
			buildPhases = (
				DAD823CE246218E7003F5C97 /* Sources */,
				DAD823CF246218E7003F5C97 /* Frameworks */,
				DAD823D0246218E7003F5C97 /* Resources */,
			);
			buildRules = (
			);
			dependencies = (
			);
			name = ReCalculator;
			packageProductDependencies = (
				DAD823ED24621A39003F5C97 /* MathParser */,
			);
			productName = ReCalculator;
			productReference = DAD823D2246218E7003F5C97 /* ReCalculator.app */;
			productType = "com.apple.product-type.application";
		};
/* End PBXNativeTarget section */

/* Begin PBXProject section */
		DAD823CA246218E7003F5C97 /* Project object */ = {
			isa = PBXProject;
			attributes = {
				LastSwiftUpdateCheck = 1140;
				LastUpgradeCheck = 1140;
				ORGANIZATIONNAME = "Kyle Jones";
				TargetAttributes = {
					DAD823D1246218E7003F5C97 = {
						CreatedOnToolsVersion = 11.4;
					};
				};
			};
			buildConfigurationList = DAD823CD246218E7003F5C97 /* Build configuration list for PBXProject "ReCalculator" */;
			compatibilityVersion = "Xcode 9.3";
			developmentRegion = en;
			hasScannedForEncodings = 0;
			knownRegions = (
				en,
				Base,
			);
			mainGroup = DAD823C9246218E7003F5C97;
			packageReferences = (
				DAD823EC24621A39003F5C97 /* XCRemoteSwiftPackageReference "DDMathParser" */,
			);
			productRefGroup = DAD823D3246218E7003F5C97 /* Products */;
			projectDirPath = "";
			projectRoot = "";
			targets = (
				DAD823D1246218E7003F5C97 /* ReCalculator */,
			);
		};
/* End PBXProject section */

/* Begin PBXResourcesBuildPhase section */
		DAD823D0246218E7003F5C97 /* Resources */ = {
			isa = PBXResourcesBuildPhase;
			buildActionMask = 2147483647;
			files = (
				DAD823E5246218E9003F5C97 /* LaunchScreen.storyboard in Resources */,
				DAD823E2246218E9003F5C97 /* Preview Assets.xcassets in Resources */,
				DAD823DF246218E9003F5C97 /* Assets.xcassets in Resources */,
			);
			runOnlyForDeploymentPostprocessing = 0;
		};
/* End PBXResourcesBuildPhase section */

/* Begin PBXSourcesBuildPhase section */
		DAD823CE246218E7003F5C97 /* Sources */ = {
			isa = PBXSourcesBuildPhase;
			buildActionMask = 2147483647;
			files = (
				DAD823D6246218E7003F5C97 /* AppDelegate.swift in Sources */,
				DA9713CC24686D2C0018C022 /* CreateEditFormulaViewController.swift in Sources */,
				DAD823DB246218E7003F5C97 /* ReCalculator.xcdatamodeld in Sources */,
				DAD823DD246218E7003F5C97 /* ContentView.swift in Sources */,
				DAD823D8246218E7003F5C97 /* SceneDelegate.swift in Sources */,
				DAD823F4246B8231003F5C97 /* CreateEditFormulaView.swift in Sources */,
			);
			runOnlyForDeploymentPostprocessing = 0;
		};
/* End PBXSourcesBuildPhase section */

/* Begin PBXVariantGroup section */
		DAD823E3246218E9003F5C97 /* LaunchScreen.storyboard */ = {
			isa = PBXVariantGroup;
			children = (
				DAD823E4246218E9003F5C97 /* Base */,
			);
			name = LaunchScreen.storyboard;
			sourceTree = "<group>";
		};
/* End PBXVariantGroup section */

/* Begin XCBuildConfiguration section */
		DAD823E7246218E9003F5C97 /* Debug */ = {
			isa = XCBuildConfiguration;
			buildSettings = {
				ALWAYS_SEARCH_USER_PATHS = NO;
				CLANG_ANALYZER_NONNULL = YES;
				CLANG_ANALYZER_NUMBER_OBJECT_CONVERSION = YES_AGGRESSIVE;
				CLANG_CXX_LANGUAGE_STANDARD = "gnu++14";
				CLANG_CXX_LIBRARY = "libc++";
				CLANG_ENABLE_MODULES = YES;
				CLANG_ENABLE_OBJC_ARC = YES;
				CLANG_ENABLE_OBJC_WEAK = YES;
				CLANG_WARN_BLOCK_CAPTURE_AUTORELEASING = YES;
				CLANG_WARN_BOOL_CONVERSION = YES;
				CLANG_WARN_COMMA = YES;
				CLANG_WARN_CONSTANT_CONVERSION = YES;
				CLANG_WARN_DEPRECATED_OBJC_IMPLEMENTATIONS = YES;
				CLANG_WARN_DIRECT_OBJC_ISA_USAGE = YES_ERROR;
				CLANG_WARN_DOCUMENTATION_COMMENTS = YES;
				CLANG_WARN_EMPTY_BODY = YES;
				CLANG_WARN_ENUM_CONVERSION = YES;
				CLANG_WARN_INFINITE_RECURSION = YES;
				CLANG_WARN_INT_CONVERSION = YES;
				CLANG_WARN_NON_LITERAL_NULL_CONVERSION = YES;
				CLANG_WARN_OBJC_IMPLICIT_RETAIN_SELF = YES;
				CLANG_WARN_OBJC_LITERAL_CONVERSION = YES;
				CLANG_WARN_OBJC_ROOT_CLASS = YES_ERROR;
				CLANG_WARN_RANGE_LOOP_ANALYSIS = YES;
				CLANG_WARN_STRICT_PROTOTYPES = YES;
				CLANG_WARN_SUSPICIOUS_MOVE = YES;
				CLANG_WARN_UNGUARDED_AVAILABILITY = YES_AGGRESSIVE;
				CLANG_WARN_UNREACHABLE_CODE = YES;
				CLANG_WARN__DUPLICATE_METHOD_MATCH = YES;
				COPY_PHASE_STRIP = NO;
				DEBUG_INFORMATION_FORMAT = dwarf;
				ENABLE_STRICT_OBJC_MSGSEND = YES;
				ENABLE_TESTABILITY = YES;
				GCC_C_LANGUAGE_STANDARD = gnu11;
				GCC_DYNAMIC_NO_PIC = NO;
				GCC_NO_COMMON_BLOCKS = YES;
				GCC_OPTIMIZATION_LEVEL = 0;
				GCC_PREPROCESSOR_DEFINITIONS = (
					"DEBUG=1",
					"$(inherited)",
				);
				GCC_WARN_64_TO_32_BIT_CONVERSION = YES;
				GCC_WARN_ABOUT_RETURN_TYPE = YES_ERROR;
				GCC_WARN_UNDECLARED_SELECTOR = YES;
				GCC_WARN_UNINITIALIZED_AUTOS = YES_AGGRESSIVE;
				GCC_WARN_UNUSED_FUNCTION = YES;
				GCC_WARN_UNUSED_VARIABLE = YES;
				IPHONEOS_DEPLOYMENT_TARGET = 13.4;
				MTL_ENABLE_DEBUG_INFO = INCLUDE_SOURCE;
				MTL_FAST_MATH = YES;
				ONLY_ACTIVE_ARCH = YES;
				SDKROOT = iphoneos;
				SWIFT_ACTIVE_COMPILATION_CONDITIONS = DEBUG;
				SWIFT_OPTIMIZATION_LEVEL = "-Onone";
			};
			name = Debug;
		};
		DAD823E8246218E9003F5C97 /* Release */ = {
			isa = XCBuildConfiguration;
			buildSettings = {
				ALWAYS_SEARCH_USER_PATHS = NO;
				CLANG_ANALYZER_NONNULL = YES;
				CLANG_ANALYZER_NUMBER_OBJECT_CONVERSION = YES_AGGRESSIVE;
				CLANG_CXX_LANGUAGE_STANDARD = "gnu++14";
				CLANG_CXX_LIBRARY = "libc++";
				CLANG_ENABLE_MODULES = YES;
				CLANG_ENABLE_OBJC_ARC = YES;
				CLANG_ENABLE_OBJC_WEAK = YES;
				CLANG_WARN_BLOCK_CAPTURE_AUTORELEASING = YES;
				CLANG_WARN_BOOL_CONVERSION = YES;
				CLANG_WARN_COMMA = YES;
				CLANG_WARN_CONSTANT_CONVERSION = YES;
				CLANG_WARN_DEPRECATED_OBJC_IMPLEMENTATIONS = YES;
				CLANG_WARN_DIRECT_OBJC_ISA_USAGE = YES_ERROR;
				CLANG_WARN_DOCUMENTATION_COMMENTS = YES;
				CLANG_WARN_EMPTY_BODY = YES;
				CLANG_WARN_ENUM_CONVERSION = YES;
				CLANG_WARN_INFINITE_RECURSION = YES;
				CLANG_WARN_INT_CONVERSION = YES;
				CLANG_WARN_NON_LITERAL_NULL_CONVERSION = YES;
				CLANG_WARN_OBJC_IMPLICIT_RETAIN_SELF = YES;
				CLANG_WARN_OBJC_LITERAL_CONVERSION = YES;
				CLANG_WARN_OBJC_ROOT_CLASS = YES_ERROR;
				CLANG_WARN_RANGE_LOOP_ANALYSIS = YES;
				CLANG_WARN_STRICT_PROTOTYPES = YES;
				CLANG_WARN_SUSPICIOUS_MOVE = YES;
				CLANG_WARN_UNGUARDED_AVAILABILITY = YES_AGGRESSIVE;
				CLANG_WARN_UNREACHABLE_CODE = YES;
				CLANG_WARN__DUPLICATE_METHOD_MATCH = YES;
				COPY_PHASE_STRIP = NO;
				DEBUG_INFORMATION_FORMAT = "dwarf-with-dsym";
				ENABLE_NS_ASSERTIONS = NO;
				ENABLE_STRICT_OBJC_MSGSEND = YES;
				GCC_C_LANGUAGE_STANDARD = gnu11;
				GCC_NO_COMMON_BLOCKS = YES;
				GCC_WARN_64_TO_32_BIT_CONVERSION = YES;
				GCC_WARN_ABOUT_RETURN_TYPE = YES_ERROR;
				GCC_WARN_UNDECLARED_SELECTOR = YES;
				GCC_WARN_UNINITIALIZED_AUTOS = YES_AGGRESSIVE;
				GCC_WARN_UNUSED_FUNCTION = YES;
				GCC_WARN_UNUSED_VARIABLE = YES;
				IPHONEOS_DEPLOYMENT_TARGET = 13.4;
				MTL_ENABLE_DEBUG_INFO = NO;
				MTL_FAST_MATH = YES;
				SDKROOT = iphoneos;
				SWIFT_COMPILATION_MODE = wholemodule;
				SWIFT_OPTIMIZATION_LEVEL = "-O";
				VALIDATE_PRODUCT = YES;
			};
			name = Release;
		};
		DAD823EA246218E9003F5C97 /* Debug */ = {
			isa = XCBuildConfiguration;
			buildSettings = {
				ASSETCATALOG_COMPILER_APPICON_NAME = AppIcon;
				CODE_SIGN_STYLE = Automatic;
				DEVELOPMENT_ASSET_PATHS = "\"ReCalculator/Preview Content\"";
				DEVELOPMENT_TEAM = 25DUYVKN98;
				ENABLE_PREVIEWS = YES;
				INFOPLIST_FILE = ReCalculator/Info.plist;
				IPHONEOS_DEPLOYMENT_TARGET = 13.0;
				LD_RUNPATH_SEARCH_PATHS = (
					"$(inherited)",
					"@executable_path/Frameworks",
				);
				PRODUCT_BUNDLE_IDENTIFIER = com.KyleJones.ReCalculator;
				PRODUCT_NAME = "$(TARGET_NAME)";
				SWIFT_VERSION = 5.0;
				TARGETED_DEVICE_FAMILY = "1,2";
			};
			name = Debug;
		};
		DAD823EB246218E9003F5C97 /* Release */ = {
			isa = XCBuildConfiguration;
			buildSettings = {
				ASSETCATALOG_COMPILER_APPICON_NAME = AppIcon;
				CODE_SIGN_STYLE = Automatic;
				DEVELOPMENT_ASSET_PATHS = "\"ReCalculator/Preview Content\"";
				DEVELOPMENT_TEAM = 25DUYVKN98;
				ENABLE_PREVIEWS = YES;
				INFOPLIST_FILE = ReCalculator/Info.plist;
				IPHONEOS_DEPLOYMENT_TARGET = 13.0;
				LD_RUNPATH_SEARCH_PATHS = (
					"$(inherited)",
					"@executable_path/Frameworks",
				);
				PRODUCT_BUNDLE_IDENTIFIER = com.KyleJones.ReCalculator;
				PRODUCT_NAME = "$(TARGET_NAME)";
				SWIFT_VERSION = 5.0;
				TARGETED_DEVICE_FAMILY = "1,2";
			};
			name = Release;
		};
/* End XCBuildConfiguration section */

/* Begin XCConfigurationList section */
		DAD823CD246218E7003F5C97 /* Build configuration list for PBXProject "ReCalculator" */ = {
			isa = XCConfigurationList;
			buildConfigurations = (
				DAD823E7246218E9003F5C97 /* Debug */,
				DAD823E8246218E9003F5C97 /* Release */,
			);
			defaultConfigurationIsVisible = 0;
			defaultConfigurationName = Release;
		};
		DAD823E9246218E9003F5C97 /* Build configuration list for PBXNativeTarget "ReCalculator" */ = {
			isa = XCConfigurationList;
			buildConfigurations = (
				DAD823EA246218E9003F5C97 /* Debug */,
				DAD823EB246218E9003F5C97 /* Release */,
			);
			defaultConfigurationIsVisible = 0;
			defaultConfigurationName = Release;
		};
/* End XCConfigurationList section */

/* Begin XCRemoteSwiftPackageReference section */
		DAD823EC24621A39003F5C97 /* XCRemoteSwiftPackageReference "DDMathParser" */ = {
			isa = XCRemoteSwiftPackageReference;
			repositoryURL = "https://github.com/davedelong/DDMathParser";
			requirement = {
				kind = upToNextMajorVersion;
				minimumVersion = 3.1.0;
			};
		};
/* End XCRemoteSwiftPackageReference section */

/* Begin XCSwiftPackageProductDependency section */
		DAD823ED24621A39003F5C97 /* MathParser */ = {
			isa = XCSwiftPackageProductDependency;
			package = DAD823EC24621A39003F5C97 /* XCRemoteSwiftPackageReference "DDMathParser" */;
			productName = MathParser;
		};
/* End XCSwiftPackageProductDependency section */

/* Begin XCVersionGroup section */
		DAD823D9246218E7003F5C97 /* ReCalculator.xcdatamodeld */ = {
			isa = XCVersionGroup;
			children = (
				DAD823DA246218E7003F5C97 /* ReCalculator.xcdatamodel */,
			);
			currentVersion = DAD823DA246218E7003F5C97 /* ReCalculator.xcdatamodel */;
			path = ReCalculator.xcdatamodeld;
			sourceTree = "<group>";
			versionGroupType = wrapper.xcdatamodel;
		};
/* End XCVersionGroup section */
	};
	rootObject = DAD823CA246218E7003F5C97 /* Project object */;
}
